// !$*UTF8*$!
{
	archiveVersion = 1;
	classes = {
	};
	objectVersion = 46;
	objects = {

/* Begin PBXBuildFile section */
		2B9593E61D4BB31C0085DBC2 /* AppDelegate.swift in Sources */ = {isa = PBXBuildFile; fileRef = 2B9593E51D4BB31C0085DBC2 /* AppDelegate.swift */; };
		2B9593E81D4BB31C0085DBC2 /* ViewController.swift in Sources */ = {isa = PBXBuildFile; fileRef = 2B9593E71D4BB31C0085DBC2 /* ViewController.swift */; };
		2B9593EB1D4BB31C0085DBC2 /* Main.storyboard in Resources */ = {isa = PBXBuildFile; fileRef = 2B9593E91D4BB31C0085DBC2 /* Main.storyboard */; };
		2B9593ED1D4BB31C0085DBC2 /* Assets.xcassets in Resources */ = {isa = PBXBuildFile; fileRef = 2B9593EC1D4BB31C0085DBC2 /* Assets.xcassets */; };
		2B9593F01D4BB31C0085DBC2 /* LaunchScreen.storyboard in Resources */ = {isa = PBXBuildFile; fileRef = 2B9593EE1D4BB31C0085DBC2 /* LaunchScreen.storyboard */; };
		2B9593FB1D4BB31C0085DBC2 /* HighWatersTests.swift in Sources */ = {isa = PBXBuildFile; fileRef = 2B9593FA1D4BB31C0085DBC2 /* HighWatersTests.swift */; };
		2B9594061D4BB31C0085DBC2 /* HighWatersUITests.swift in Sources */ = {isa = PBXBuildFile; fileRef = 2B9594051D4BB31C0085DBC2 /* HighWatersUITests.swift */; };
		2B9594141D4BB33E0085DBC2 /* FloodMapViewController.swift in Sources */ = {isa = PBXBuildFile; fileRef = 2B9594131D4BB33E0085DBC2 /* FloodMapViewController.swift */; };
		2B9594191D4BBBA20085DBC2 /* CloudKit.framework in Frameworks */ = {isa = PBXBuildFile; fileRef = 2B9594181D4BBBA20085DBC2 /* CloudKit.framework */; };
		2B95945B1D4FCC030085DBC2 /* CautionAnnotationView.swift in Sources */ = {isa = PBXBuildFile; fileRef = 2B95945A1D4FCC030085DBC2 /* CautionAnnotationView.swift */; };
/* End PBXBuildFile section */

/* Begin PBXContainerItemProxy section */
		2B9593F71D4BB31C0085DBC2 /* PBXContainerItemProxy */ = {
			isa = PBXContainerItemProxy;
			containerPortal = 2B9593DA1D4BB31C0085DBC2 /* Project object */;
			proxyType = 1;
			remoteGlobalIDString = 2B9593E11D4BB31C0085DBC2;
			remoteInfo = HighWaters;
		};
		2B9594021D4BB31C0085DBC2 /* PBXContainerItemProxy */ = {
			isa = PBXContainerItemProxy;
			containerPortal = 2B9593DA1D4BB31C0085DBC2 /* Project object */;
			proxyType = 1;
			remoteGlobalIDString = 2B9593E11D4BB31C0085DBC2;
			remoteInfo = HighWaters;
		};
/* End PBXContainerItemProxy section */

/* Begin PBXFileReference section */
		2B9593E21D4BB31C0085DBC2 /* HighWaters.app */ = {isa = PBXFileReference; explicitFileType = wrapper.application; includeInIndex = 0; path = HighWaters.app; sourceTree = BUILT_PRODUCTS_DIR; };
		2B9593E51D4BB31C0085DBC2 /* AppDelegate.swift */ = {isa = PBXFileReference; lastKnownFileType = sourcecode.swift; path = AppDelegate.swift; sourceTree = "<group>"; };
		2B9593E71D4BB31C0085DBC2 /* ViewController.swift */ = {isa = PBXFileReference; lastKnownFileType = sourcecode.swift; path = ViewController.swift; sourceTree = "<group>"; };
		2B9593EA1D4BB31C0085DBC2 /* Base */ = {isa = PBXFileReference; lastKnownFileType = file.storyboard; name = Base; path = Base.lproj/Main.storyboard; sourceTree = "<group>"; };
		2B9593EC1D4BB31C0085DBC2 /* Assets.xcassets */ = {isa = PBXFileReference; lastKnownFileType = folder.assetcatalog; path = Assets.xcassets; sourceTree = "<group>"; };
		2B9593EF1D4BB31C0085DBC2 /* Base */ = {isa = PBXFileReference; lastKnownFileType = file.storyboard; name = Base; path = Base.lproj/LaunchScreen.storyboard; sourceTree = "<group>"; };
		2B9593F11D4BB31C0085DBC2 /* Info.plist */ = {isa = PBXFileReference; lastKnownFileType = text.plist.xml; path = Info.plist; sourceTree = "<group>"; };
		2B9593F61D4BB31C0085DBC2 /* HighWatersTests.xctest */ = {isa = PBXFileReference; explicitFileType = wrapper.cfbundle; includeInIndex = 0; path = HighWatersTests.xctest; sourceTree = BUILT_PRODUCTS_DIR; };
		2B9593FA1D4BB31C0085DBC2 /* HighWatersTests.swift */ = {isa = PBXFileReference; lastKnownFileType = sourcecode.swift; path = HighWatersTests.swift; sourceTree = "<group>"; };
		2B9593FC1D4BB31C0085DBC2 /* Info.plist */ = {isa = PBXFileReference; lastKnownFileType = text.plist.xml; path = Info.plist; sourceTree = "<group>"; };
		2B9594011D4BB31C0085DBC2 /* HighWatersUITests.xctest */ = {isa = PBXFileReference; explicitFileType = wrapper.cfbundle; includeInIndex = 0; path = HighWatersUITests.xctest; sourceTree = BUILT_PRODUCTS_DIR; };
		2B9594051D4BB31C0085DBC2 /* HighWatersUITests.swift */ = {isa = PBXFileReference; lastKnownFileType = sourcecode.swift; path = HighWatersUITests.swift; sourceTree = "<group>"; };
		2B9594071D4BB31C0085DBC2 /* Info.plist */ = {isa = PBXFileReference; lastKnownFileType = text.plist.xml; path = Info.plist; sourceTree = "<group>"; };
		2B9594131D4BB33E0085DBC2 /* FloodMapViewController.swift */ = {isa = PBXFileReference; fileEncoding = 4; lastKnownFileType = sourcecode.swift; path = FloodMapViewController.swift; sourceTree = "<group>"; };
		2B9594171D4BBB8E0085DBC2 /* HighWaters.entitlements */ = {isa = PBXFileReference; lastKnownFileType = text.xml; path = HighWaters.entitlements; sourceTree = "<group>"; };
		2B9594181D4BBBA20085DBC2 /* CloudKit.framework */ = {isa = PBXFileReference; lastKnownFileType = wrapper.framework; name = CloudKit.framework; path = System/Library/Frameworks/CloudKit.framework; sourceTree = SDKROOT; };
		2B95945A1D4FCC030085DBC2 /* CautionAnnotationView.swift */ = {isa = PBXFileReference; fileEncoding = 4; lastKnownFileType = sourcecode.swift; name = CautionAnnotationView.swift; path = ../CautionAnnotationView.swift; sourceTree = "<group>"; };
/* End PBXFileReference section */

/* Begin PBXFrameworksBuildPhase section */
		2B9593DF1D4BB31C0085DBC2 /* Frameworks */ = {
			isa = PBXFrameworksBuildPhase;
			buildActionMask = 2147483647;
			files = (
				2B9594191D4BBBA20085DBC2 /* CloudKit.framework in Frameworks */,
			);
			runOnlyForDeploymentPostprocessing = 0;
		};
		2B9593F31D4BB31C0085DBC2 /* Frameworks */ = {
			isa = PBXFrameworksBuildPhase;
			buildActionMask = 2147483647;
			files = (
			);
			runOnlyForDeploymentPostprocessing = 0;
		};
		2B9593FE1D4BB31C0085DBC2 /* Frameworks */ = {
			isa = PBXFrameworksBuildPhase;
			buildActionMask = 2147483647;
			files = (
			);
			runOnlyForDeploymentPostprocessing = 0;
		};
/* End PBXFrameworksBuildPhase section */

/* Begin PBXGroup section */
		2B9593D91D4BB31C0085DBC2 = {
			isa = PBXGroup;
			children = (
				2B9594181D4BBBA20085DBC2 /* CloudKit.framework */,
				2B9593E41D4BB31C0085DBC2 /* HighWaters */,
				2B9593F91D4BB31C0085DBC2 /* HighWatersTests */,
				2B9594041D4BB31C0085DBC2 /* HighWatersUITests */,
				2B9593E31D4BB31C0085DBC2 /* Products */,
			);
			sourceTree = "<group>";
		};
		2B9593E31D4BB31C0085DBC2 /* Products */ = {
			isa = PBXGroup;
			children = (
				2B9593E21D4BB31C0085DBC2 /* HighWaters.app */,
				2B9593F61D4BB31C0085DBC2 /* HighWatersTests.xctest */,
				2B9594011D4BB31C0085DBC2 /* HighWatersUITests.xctest */,
			);
			name = Products;
			sourceTree = "<group>";
		};
		2B9593E41D4BB31C0085DBC2 /* HighWaters */ = {
			isa = PBXGroup;
			children = (
				2B9594171D4BBB8E0085DBC2 /* HighWaters.entitlements */,
				2B9594131D4BB33E0085DBC2 /* FloodMapViewController.swift */,
				2B95945A1D4FCC030085DBC2 /* CautionAnnotationView.swift */,
				2B9593E51D4BB31C0085DBC2 /* AppDelegate.swift */,
				2B9593E71D4BB31C0085DBC2 /* ViewController.swift */,
				2B9593E91D4BB31C0085DBC2 /* Main.storyboard */,
				2B9593EC1D4BB31C0085DBC2 /* Assets.xcassets */,
				2B9593EE1D4BB31C0085DBC2 /* LaunchScreen.storyboard */,
				2B9593F11D4BB31C0085DBC2 /* Info.plist */,
			);
			path = HighWaters;
			sourceTree = "<group>";
		};
		2B9593F91D4BB31C0085DBC2 /* HighWatersTests */ = {
			isa = PBXGroup;
			children = (
				2B9593FA1D4BB31C0085DBC2 /* HighWatersTests.swift */,
				2B9593FC1D4BB31C0085DBC2 /* Info.plist */,
			);
			path = HighWatersTests;
			sourceTree = "<group>";
		};
		2B9594041D4BB31C0085DBC2 /* HighWatersUITests */ = {
			isa = PBXGroup;
			children = (
				2B9594051D4BB31C0085DBC2 /* HighWatersUITests.swift */,
				2B9594071D4BB31C0085DBC2 /* Info.plist */,
			);
			path = HighWatersUITests;
			sourceTree = "<group>";
		};
/* End PBXGroup section */

/* Begin PBXNativeTarget section */
		2B9593E11D4BB31C0085DBC2 /* HighWaters */ = {
			isa = PBXNativeTarget;
			buildConfigurationList = 2B95940A1D4BB31C0085DBC2 /* Build configuration list for PBXNativeTarget "HighWaters" */;
			buildPhases = (
				2B9593DE1D4BB31C0085DBC2 /* Sources */,
				2B9593DF1D4BB31C0085DBC2 /* Frameworks */,
				2B9593E01D4BB31C0085DBC2 /* Resources */,
			);
			buildRules = (
			);
			dependencies = (
			);
			name = HighWaters;
			productName = HighWaters;
			productReference = 2B9593E21D4BB31C0085DBC2 /* HighWaters.app */;
			productType = "com.apple.product-type.application";
		};
		2B9593F51D4BB31C0085DBC2 /* HighWatersTests */ = {
			isa = PBXNativeTarget;
			buildConfigurationList = 2B95940D1D4BB31C0085DBC2 /* Build configuration list for PBXNativeTarget "HighWatersTests" */;
			buildPhases = (
				2B9593F21D4BB31C0085DBC2 /* Sources */,
				2B9593F31D4BB31C0085DBC2 /* Frameworks */,
				2B9593F41D4BB31C0085DBC2 /* Resources */,
			);
			buildRules = (
			);
			dependencies = (
				2B9593F81D4BB31C0085DBC2 /* PBXTargetDependency */,
			);
			name = HighWatersTests;
			productName = HighWatersTests;
			productReference = 2B9593F61D4BB31C0085DBC2 /* HighWatersTests.xctest */;
			productType = "com.apple.product-type.bundle.unit-test";
		};
		2B9594001D4BB31C0085DBC2 /* HighWatersUITests */ = {
			isa = PBXNativeTarget;
			buildConfigurationList = 2B9594101D4BB31C0085DBC2 /* Build configuration list for PBXNativeTarget "HighWatersUITests" */;
			buildPhases = (
				2B9593FD1D4BB31C0085DBC2 /* Sources */,
				2B9593FE1D4BB31C0085DBC2 /* Frameworks */,
				2B9593FF1D4BB31C0085DBC2 /* Resources */,
			);
			buildRules = (
			);
			dependencies = (
				2B9594031D4BB31C0085DBC2 /* PBXTargetDependency */,
			);
			name = HighWatersUITests;
			productName = HighWatersUITests;
			productReference = 2B9594011D4BB31C0085DBC2 /* HighWatersUITests.xctest */;
			productType = "com.apple.product-type.bundle.ui-testing";
		};
/* End PBXNativeTarget section */

/* Begin PBXProject section */
		2B9593DA1D4BB31C0085DBC2 /* Project object */ = {
			isa = PBXProject;
			attributes = {
				LastSwiftUpdateCheck = 0730;
				LastUpgradeCheck = 0730;
				ORGANIZATIONNAME = "James O'Connor";
				TargetAttributes = {
					2B9593E11D4BB31C0085DBC2 = {
						CreatedOnToolsVersion = 7.3.1;
						DevelopmentTeam = V8CTKMGRU2;
						SystemCapabilities = {
							com.apple.iCloud = {
								enabled = 1;
							};
						};
					};
					2B9593F51D4BB31C0085DBC2 = {
						CreatedOnToolsVersion = 7.3.1;
						TestTargetID = 2B9593E11D4BB31C0085DBC2;
					};
					2B9594001D4BB31C0085DBC2 = {
						CreatedOnToolsVersion = 7.3.1;
						TestTargetID = 2B9593E11D4BB31C0085DBC2;
					};
				};
			};
			buildConfigurationList = 2B9593DD1D4BB31C0085DBC2 /* Build configuration list for PBXProject "HighWaters" */;
			compatibilityVersion = "Xcode 3.2";
			developmentRegion = English;
			hasScannedForEncodings = 0;
			knownRegions = (
				en,
				Base,
			);
			mainGroup = 2B9593D91D4BB31C0085DBC2;
			productRefGroup = 2B9593E31D4BB31C0085DBC2 /* Products */;
			projectDirPath = "";
			projectRoot = "";
			targets = (
				2B9593E11D4BB31C0085DBC2 /* HighWaters */,
				2B9593F51D4BB31C0085DBC2 /* HighWatersTests */,
				2B9594001D4BB31C0085DBC2 /* HighWatersUITests */,
			);
		};
/* End PBXProject section */

/* Begin PBXResourcesBuildPhase section */
		2B9593E01D4BB31C0085DBC2 /* Resources */ = {
			isa = PBXResourcesBuildPhase;
			buildActionMask = 2147483647;
			files = (
				2B9593F01D4BB31C0085DBC2 /* LaunchScreen.storyboard in Resources */,
				2B9593ED1D4BB31C0085DBC2 /* Assets.xcassets in Resources */,
				2B9593EB1D4BB31C0085DBC2 /* Main.storyboard in Resources */,
			);
			runOnlyForDeploymentPostprocessing = 0;
		};
		2B9593F41D4BB31C0085DBC2 /* Resources */ = {
			isa = PBXResourcesBuildPhase;
			buildActionMask = 2147483647;
			files = (
			);
			runOnlyForDeploymentPostprocessing = 0;
		};
		2B9593FF1D4BB31C0085DBC2 /* Resources */ = {
			isa = PBXResourcesBuildPhase;
			buildActionMask = 2147483647;
			files = (
			);
			runOnlyForDeploymentPostprocessing = 0;
		};
/* End PBXResourcesBuildPhase section */

/* Begin PBXSourcesBuildPhase section */
		2B9593DE1D4BB31C0085DBC2 /* Sources */ = {
			isa = PBXSourcesBuildPhase;
			buildActionMask = 2147483647;
			files = (
				2B9593E81D4BB31C0085DBC2 /* ViewController.swift in Sources */,
				2B9593E61D4BB31C0085DBC2 /* AppDelegate.swift in Sources */,
				2B9594141D4BB33E0085DBC2 /* FloodMapViewController.swift in Sources */,
				2B95945B1D4FCC030085DBC2 /* CautionAnnotationView.swift in Sources */,
			);
			runOnlyForDeploymentPostprocessing = 0;
		};
		2B9593F21D4BB31C0085DBC2 /* Sources */ = {
			isa = PBXSourcesBuildPhase;
			buildActionMask = 2147483647;
			files = (
				2B9593FB1D4BB31C0085DBC2 /* HighWatersTests.swift in Sources */,
			);
			runOnlyForDeploymentPostprocessing = 0;
		};
		2B9593FD1D4BB31C0085DBC2 /* Sources */ = {
			isa = PBXSourcesBuildPhase;
			buildActionMask = 2147483647;
			files = (
				2B9594061D4BB31C0085DBC2 /* HighWatersUITests.swift in Sources */,
			);
			runOnlyForDeploymentPostprocessing = 0;
		};
/* End PBXSourcesBuildPhase section */

/* Begin PBXTargetDependency section */
		2B9593F81D4BB31C0085DBC2 /* PBXTargetDependency */ = {
			isa = PBXTargetDependency;
			target = 2B9593E11D4BB31C0085DBC2 /* HighWaters */;
			targetProxy = 2B9593F71D4BB31C0085DBC2 /* PBXContainerItemProxy */;
		};
		2B9594031D4BB31C0085DBC2 /* PBXTargetDependency */ = {
			isa = PBXTargetDependency;
			target = 2B9593E11D4BB31C0085DBC2 /* HighWaters */;
			targetProxy = 2B9594021D4BB31C0085DBC2 /* PBXContainerItemProxy */;
		};
/* End PBXTargetDependency section */

/* Begin PBXVariantGroup section */
		2B9593E91D4BB31C0085DBC2 /* Main.storyboard */ = {
			isa = PBXVariantGroup;
			children = (
				2B9593EA1D4BB31C0085DBC2 /* Base */,
			);
			name = Main.storyboard;
			sourceTree = "<group>";
		};
		2B9593EE1D4BB31C0085DBC2 /* LaunchScreen.storyboard */ = {
			isa = PBXVariantGroup;
			children = (
				2B9593EF1D4BB31C0085DBC2 /* Base */,
			);
			name = LaunchScreen.storyboard;
			sourceTree = "<group>";
		};
/* End PBXVariantGroup section */

/* Begin XCBuildConfiguration section */
		2B9594081D4BB31C0085DBC2 /* Debug */ = {
			isa = XCBuildConfiguration;
			buildSettings = {
				ALWAYS_SEARCH_USER_PATHS = NO;
				CLANG_ANALYZER_NONNULL = YES;
				CLANG_CXX_LANGUAGE_STANDARD = "gnu++0x";
				CLANG_CXX_LIBRARY = "libc++";
				CLANG_ENABLE_MODULES = YES;
				CLANG_ENABLE_OBJC_ARC = YES;
				CLANG_WARN_BOOL_CONVERSION = YES;
				CLANG_WARN_CONSTANT_CONVERSION = YES;
				CLANG_WARN_DIRECT_OBJC_ISA_USAGE = YES_ERROR;
				CLANG_WARN_EMPTY_BODY = YES;
				CLANG_WARN_ENUM_CONVERSION = YES;
				CLANG_WARN_INT_CONVERSION = YES;
				CLANG_WARN_OBJC_ROOT_CLASS = YES_ERROR;
				CLANG_WARN_UNREACHABLE_CODE = YES;
				CLANG_WARN__DUPLICATE_METHOD_MATCH = YES;
				"CODE_SIGN_IDENTITY[sdk=iphoneos*]" = "iPhone Developer";
				COPY_PHASE_STRIP = NO;
				DEBUG_INFORMATION_FORMAT = dwarf;
				ENABLE_STRICT_OBJC_MSGSEND = YES;
				ENABLE_TESTABILITY = YES;
				GCC_C_LANGUAGE_STANDARD = gnu99;
				GCC_DYNAMIC_NO_PIC = NO;
				GCC_NO_COMMON_BLOCKS = YES;
				GCC_OPTIMIZATION_LEVEL = 0;
				GCC_PREPROCESSOR_DEFINITIONS = (
					"DEBUG=1",
					"$(inherited)",
				);
				GCC_WARN_64_TO_32_BIT_CONVERSION = YES;
				GCC_WARN_ABOUT_RETURN_TYPE = YES_ERROR;
				GCC_WARN_UNDECLARED_SELECTOR = YES;
				GCC_WARN_UNINITIALIZED_AUTOS = YES_AGGRESSIVE;
				GCC_WARN_UNUSED_FUNCTION = YES;
				GCC_WARN_UNUSED_VARIABLE = YES;
				IPHONEOS_DEPLOYMENT_TARGET = 9.3;
				MTL_ENABLE_DEBUG_INFO = YES;
				ONLY_ACTIVE_ARCH = YES;
				SDKROOT = iphoneos;
				SWIFT_OPTIMIZATION_LEVEL = "-Onone";
				TARGETED_DEVICE_FAMILY = "1,2";
			};
			name = Debug;
		};
		2B9594091D4BB31C0085DBC2 /* Release */ = {
			isa = XCBuildConfiguration;
			buildSettings = {
				ALWAYS_SEARCH_USER_PATHS = NO;
				CLANG_ANALYZER_NONNULL = YES;
				CLANG_CXX_LANGUAGE_STANDARD = "gnu++0x";
				CLANG_CXX_LIBRARY = "libc++";
				CLANG_ENABLE_MODULES = YES;
				CLANG_ENABLE_OBJC_ARC = YES;
				CLANG_WARN_BOOL_CONVERSION = YES;
				CLANG_WARN_CONSTANT_CONVERSION = YES;
				CLANG_WARN_DIRECT_OBJC_ISA_USAGE = YES_ERROR;
				CLANG_WARN_EMPTY_BODY = YES;
				CLANG_WARN_ENUM_CONVERSION = YES;
				CLANG_WARN_INT_CONVERSION = YES;
				CLANG_WARN_OBJC_ROOT_CLASS = YES_ERROR;
				CLANG_WARN_UNREACHABLE_CODE = YES;
				CLANG_WARN__DUPLICATE_METHOD_MATCH = YES;
				"CODE_SIGN_IDENTITY[sdk=iphoneos*]" = "iPhone Developer";
				COPY_PHASE_STRIP = NO;
				DEBUG_INFORMATION_FORMAT = "dwarf-with-dsym";
				ENABLE_NS_ASSERTIONS = NO;
				ENABLE_STRICT_OBJC_MSGSEND = YES;
				GCC_C_LANGUAGE_STANDARD = gnu99;
				GCC_NO_COMMON_BLOCKS = YES;
				GCC_WARN_64_TO_32_BIT_CONVERSION = YES;
				GCC_WARN_ABOUT_RETURN_TYPE = YES_ERROR;
				GCC_WARN_UNDECLARED_SELECTOR = YES;
				GCC_WARN_UNINITIALIZED_AUTOS = YES_AGGRESSIVE;
				GCC_WARN_UNUSED_FUNCTION = YES;
				GCC_WARN_UNUSED_VARIABLE = YES;
				IPHONEOS_DEPLOYMENT_TARGET = 9.3;
				MTL_ENABLE_DEBUG_INFO = NO;
				SDKROOT = iphoneos;
				TARGETED_DEVICE_FAMILY = "1,2";
				VALIDATE_PRODUCT = YES;
			};
			name = Release;
		};
		2B95940B1D4BB31C0085DBC2 /* Debug */ = {
			isa = XCBuildConfiguration;
			buildSettings = {
				ASSETCATALOG_COMPILER_APPICON_NAME = AppIcon;
				CODE_SIGN_ENTITLEMENTS = HighWaters/HighWaters.entitlements;
				INFOPLIST_FILE = HighWaters/Info.plist;
				LD_RUNPATH_SEARCH_PATHS = "$(inherited) @executable_path/Frameworks";
				PRODUCT_BUNDLE_IDENTIFIER = com.theironyardhouston.com.HighWaters;
				PRODUCT_NAME = "$(TARGET_NAME)";
			};
			name = Debug;
		};
		2B95940C1D4BB31C0085DBC2 /* Release */ = {
			isa = XCBuildConfiguration;
			buildSettings = {
				ASSETCATALOG_COMPILER_APPICON_NAME = AppIcon;
				CODE_SIGN_ENTITLEMENTS = HighWaters/HighWaters.entitlements;
				INFOPLIST_FILE = HighWaters/Info.plist;
				LD_RUNPATH_SEARCH_PATHS = "$(inherited) @executable_path/Frameworks";
				PRODUCT_BUNDLE_IDENTIFIER = com.theironyardhouston.com.HighWaters;
				PRODUCT_NAME = "$(TARGET_NAME)";
			};
			name = Release;
		};
		2B95940E1D4BB31C0085DBC2 /* Debug */ = {
			isa = XCBuildConfiguration;
			buildSettings = {
				BUNDLE_LOADER = "$(TEST_HOST)";
				INFOPLIST_FILE = HighWatersTests/Info.plist;
				LD_RUNPATH_SEARCH_PATHS = "$(inherited) @executable_path/Frameworks @loader_path/Frameworks";
				PRODUCT_BUNDLE_IDENTIFIER = com.theironyardhouston.com.HighWatersTests;
				PRODUCT_NAME = "$(TARGET_NAME)";
				TEST_HOST = "$(BUILT_PRODUCTS_DIR)/HighWaters.app/HighWaters";
			};
			name = Debug;
		};
		2B95940F1D4BB31C0085DBC2 /* Release */ = {
			isa = XCBuildConfiguration;
			buildSettings = {
				BUNDLE_LOADER = "$(TEST_HOST)";
				INFOPLIST_FILE = HighWatersTests/Info.plist;
				LD_RUNPATH_SEARCH_PATHS = "$(inherited) @executable_path/Frameworks @loader_path/Frameworks";
				PRODUCT_BUNDLE_IDENTIFIER = com.theironyardhouston.com.HighWatersTests;
				PRODUCT_NAME = "$(TARGET_NAME)";
				TEST_HOST = "$(BUILT_PRODUCTS_DIR)/HighWaters.app/HighWaters";
			};
			name = Release;
		};
		2B9594111D4BB31C0085DBC2 /* Debug */ = {
			isa = XCBuildConfiguration;
			buildSettings = {
				INFOPLIST_FILE = HighWatersUITests/Info.plist;
				LD_RUNPATH_SEARCH_PATHS = "$(inherited) @executable_path/Frameworks @loader_path/Frameworks";
				PRODUCT_BUNDLE_IDENTIFIER = com.theironyardhouston.com.HighWatersUITests;
				PRODUCT_NAME = "$(TARGET_NAME)";
				TEST_TARGET_NAME = HighWaters;
			};
			name = Debug;
		};
		2B9594121D4BB31C0085DBC2 /* Release */ = {
			isa = XCBuildConfiguration;
			buildSettings = {
				INFOPLIST_FILE = HighWatersUITests/Info.plist;
				LD_RUNPATH_SEARCH_PATHS = "$(inherited) @executable_path/Frameworks @loader_path/Frameworks";
				PRODUCT_BUNDLE_IDENTIFIER = com.theironyardhouston.com.HighWatersUITests;
				PRODUCT_NAME = "$(TARGET_NAME)";
				TEST_TARGET_NAME = HighWaters;
			};
			name = Release;
		};
/* End XCBuildConfiguration section */

/* Begin XCConfigurationList section */
		2B9593DD1D4BB31C0085DBC2 /* Build configuration list for PBXProject "HighWaters" */ = {
			isa = XCConfigurationList;
			buildConfigurations = (
				2B9594081D4BB31C0085DBC2 /* Debug */,
				2B9594091D4BB31C0085DBC2 /* Release */,
			);
			defaultConfigurationIsVisible = 0;
			defaultConfigurationName = Release;
		};
		2B95940A1D4BB31C0085DBC2 /* Build configuration list for PBXNativeTarget "HighWaters" */ = {
			isa = XCConfigurationList;
			buildConfigurations = (
				2B95940B1D4BB31C0085DBC2 /* Debug */,
				2B95940C1D4BB31C0085DBC2 /* Release */,
			);
			defaultConfigurationIsVisible = 0;
		};
		2B95940D1D4BB31C0085DBC2 /* Build configuration list for PBXNativeTarget "HighWatersTests" */ = {
			isa = XCConfigurationList;
			buildConfigurations = (
				2B95940E1D4BB31C0085DBC2 /* Debug */,
				2B95940F1D4BB31C0085DBC2 /* Release */,
			);
			defaultConfigurationIsVisible = 0;
		};
		2B9594101D4BB31C0085DBC2 /* Build configuration list for PBXNativeTarget "HighWatersUITests" */ = {
			isa = XCConfigurationList;
			buildConfigurations = (
				2B9594111D4BB31C0085DBC2 /* Debug */,
				2B9594121D4BB31C0085DBC2 /* Release */,
			);
			defaultConfigurationIsVisible = 0;
		};
/* End XCConfigurationList section */
	};
	rootObject = 2B9593DA1D4BB31C0085DBC2 /* Project object */;
}
